{
    "version": 3,
    "terraform_version": "0.11.13",
    "serial": 22,
    "lineage": "d661c76a-d94b-42e1-8d5b-76e95af2e051",
    "modules": [
        {
            "path": [
                "root"
            ],
            "outputs": {},
            "resources": {
                "aws_security_group.sg-terraform": {
                    "type": "aws_security_group",
                    "depends_on": [],
                    "primary": {
                        "id": "sg-01ecfc40499fdfa67",
                        "attributes": {
                            "arn": "arn:aws:ec2:us-east-1:203750261080:security-group/sg-01ecfc40499fdfa67",
                            "description": "Managed by Terraform",
                            "egress.#": "0",
                            "id": "sg-01ecfc40499fdfa67",
                            "ingress.#": "1",
                            "ingress.2214680975.cidr_blocks.#": "1",
                            "ingress.2214680975.cidr_blocks.0": "0.0.0.0/0",
                            "ingress.2214680975.description": "",
                            "ingress.2214680975.from_port": "80",
                            "ingress.2214680975.ipv6_cidr_blocks.#": "0",
                            "ingress.2214680975.prefix_list_ids.#": "0",
                            "ingress.2214680975.protocol": "tcp",
                            "ingress.2214680975.security_groups.#": "0",
                            "ingress.2214680975.self": "false",
                            "ingress.2214680975.to_port": "80",
                            "name": "terraform-example-instance",
                            "owner_id": "203750261080",
                            "revoke_rules_on_delete": "false",
                            "tags.%": "1",
                            "tags.Name": "http-sg",
                            "vpc_id": "vpc-7de23007"
                        },
                        "meta": {
                            "e2bfb730-ecaa-11e6-8f88-34363bc7c4c0": {
                                "create": 600000000000,
                                "delete": 600000000000
                            },
                            "schema_version": "1"
                        },
                        "tainted": false
                    },
                    "deposed": [],
                    "provider": "provider.aws"
                }
            },
            "depends_on": []
        }
    ]
}
